dependencies:
- name: data-prepper
  repository: https://opensearch-project.github.io/helm-charts/
  version: 0.3.1
- name: opentelemetry-collector
  repository: https://open-telemetry.github.io/opentelemetry-helm-charts
  version: 0.127.2
digest: sha256:397f4a2b0ac25ecf8b5e38d5efe7479c4d5703429f9e0625f92dde180aa38202
generated: "2025-07-04T14:27:34.314006563+02:00"
