dependencies:
- name: data-prepper
  repository: https://opensearch-project.github.io/helm-charts/
  version: 0.3.1
- name: opentelemetry-collector
  repository: https://open-telemetry.github.io/opentelemetry-helm-charts
  version: 0.142.1
digest: sha256:efba1e9b4dc4a7b7e6627046555607de2c28a6a57c52d246dad41b4a3bfbf810
generated: "2025-12-30T10:21:23.699265335+01:00"
